
Microsoft Visual Studio Solution File, Format Version 12.00
# Visual Studio Version 17
VisualStudioVersion = 17.2.32616.157
MinimumVisualStudioVersion = 10.0.40219.1
Project("{FAE04EC0-301F-11D3-BF4B-00C04F79EFBC}") = "SpartaTextRpg", "SpartaTextRpg\SpartaTextRpg.csproj", "{AAA24CCC-C00D-4939-8D59-CA2DB7766769}"
EndProject
Global
	GlobalSection(SolutionConfigurationPlatforms) = preSolution
		Debug|Any CPU = Debug|Any CPU
		Release|Any CPU = Release|Any CPU
	EndGlobalSection
	GlobalSection(ProjectConfigurationPlatforms) = postSolution
		{AAA24CCC-C00D-4939-8D59-CA2DB7766769}.Debug|Any CPU.ActiveCfg = Debug|Any CPU
		{AAA24CCC-C00D-4939-8D59-CA2DB7766769}.Debug|Any CPU.Build.0 = Debug|Any CPU
		{AAA24CCC-C00D-4939-8D59-CA2DB7766769}.Release|Any CPU.ActiveCfg = Release|Any CPU
		{AAA24CCC-C00D-4939-8D59-CA2DB7766769}.Release|Any CPU.Build.0 = Release|Any CPU
	EndGlobalSection
	GlobalSection(SolutionProperties) = preSolution
		HideSolutionNode = FALSE
	EndGlobalSection
	GlobalSection(ExtensibilityGlobals) = postSolution
		SolutionGuid = {2440168A-E623-4D15-8F70-1735C598599E}
	EndGlobalSection
EndGlobal
